// !$*UTF8*$!
{
	archiveVersion = 1;
	classes = {
	};
	objectVersion = 77;
	objects = {

/* Begin PBXBuildFile section */
		AF5CEB9F2E1720AE00D0AC95 /* .gitignore in Resources */ = {isa = PBXBuildFile; fileRef = AF5CEB9E2E1720A600D0AC95 /* .gitignore */; };
/* End PBXBuildFile section */

/* Begin PBXContainerItemProxy section */
		AF5CEB5D2E16377900D0AC95 /* PBXContainerItemProxy */ = {
			isa = PBXContainerItemProxy;
			containerPortal = AF5CEB442E16377200D0AC95 /* Project object */;
			proxyType = 1;
			remoteGlobalIDString = AF5CEB4B2E16377200D0AC95;
			remoteInfo = MonsterTruckMatch;
		};
		AF5CEB672E16377900D0AC95 /* PBXContainerItemProxy */ = {
			isa = PBXContainerItemProxy;
			containerPortal = AF5CEB442E16377200D0AC95 /* Project object */;
			proxyType = 1;
			remoteGlobalIDString = AF5CEB4B2E16377200D0AC95;
			remoteInfo = MonsterTruckMatch;
		};
/* End PBXContainerItemProxy section */

/* Begin PBXFileReference section */
		AF5CEB4C2E16377200D0AC95 /* MonsterTruckMatch.app */ = {isa = PBXFileReference; explicitFileType = wrapper.application; includeInIndex = 0; path = MonsterTruckMatch.app; sourceTree = BUILT_PRODUCTS_DIR; };
		AF5CEB5C2E16377900D0AC95 /* MonsterTruckMatchTests.xctest */ = {isa = PBXFileReference; explicitFileType = wrapper.cfbundle; includeInIndex = 0; path = MonsterTruckMatchTests.xctest; sourceTree = BUILT_PRODUCTS_DIR; };
		AF5CEB662E16377900D0AC95 /* MonsterTruckMatchUITests.xctest */ = {isa = PBXFileReference; explicitFileType = wrapper.cfbundle; includeInIndex = 0; path = MonsterTruckMatchUITests.xctest; sourceTree = BUILT_PRODUCTS_DIR; };
		AF5CEB9E2E1720A600D0AC95 /* .gitignore */ = {isa = PBXFileReference; lastKnownFileType = text; path = .gitignore; sourceTree = "<group>"; };
/* End PBXFileReference section */

/* Begin PBXFileSystemSynchronizedRootGroup section */
		AF5CEB4E2E16377200D0AC95 /* MonsterTruckMatch */ = {
			isa = PBXFileSystemSynchronizedRootGroup;
			path = MonsterTruckMatch;
			sourceTree = "<group>";
		};
		AF5CEB5F2E16377900D0AC95 /* MonsterTruckMatchTests */ = {
			isa = PBXFileSystemSynchronizedRootGroup;
			path = MonsterTruckMatchTests;
			sourceTree = "<group>";
		};
		AF5CEB692E16377900D0AC95 /* MonsterTruckMatchUITests */ = {
			isa = PBXFileSystemSynchronizedRootGroup;
			path = MonsterTruckMatchUITests;
			sourceTree = "<group>";
		};
/* End PBXFileSystemSynchronizedRootGroup section */

/* Begin PBXFrameworksBuildPhase section */
		AF5CEB492E16377200D0AC95 /* Frameworks */ = {
			isa = PBXFrameworksBuildPhase;
			buildActionMask = 2147483647;
			files = (
			);
			runOnlyForDeploymentPostprocessing = 0;
		};
		AF5CEB592E16377900D0AC95 /* Frameworks */ = {
			isa = PBXFrameworksBuildPhase;
			buildActionMask = 2147483647;
			files = (
			);
			runOnlyForDeploymentPostprocessing = 0;
		};
		AF5CEB632E16377900D0AC95 /* Frameworks */ = {
			isa = PBXFrameworksBuildPhase;
			buildActionMask = 2147483647;
			files = (
			);
			runOnlyForDeploymentPostprocessing = 0;
		};
/* End PBXFrameworksBuildPhase section */

/* Begin PBXGroup section */
		AF5CEB432E16377200D0AC95 = {
			isa = PBXGroup;
			children = (
				AF5CEB9E2E1720A600D0AC95 /* .gitignore */,
				AF5CEB4E2E16377200D0AC95 /* MonsterTruckMatch */,
				AF5CEB5F2E16377900D0AC95 /* MonsterTruckMatchTests */,
				AF5CEB692E16377900D0AC95 /* MonsterTruckMatchUITests */,
				AF5CEB4D2E16377200D0AC95 /* Products */,
			);
			sourceTree = "<group>";
		};
		AF5CEB4D2E16377200D0AC95 /* Products */ = {
			isa = PBXGroup;
			children = (
				AF5CEB4C2E16377200D0AC95 /* MonsterTruckMatch.app */,
				AF5CEB5C2E16377900D0AC95 /* MonsterTruckMatchTests.xctest */,
				AF5CEB662E16377900D0AC95 /* MonsterTruckMatchUITests.xctest */,
			);
			name = Products;
			sourceTree = "<group>";
		};
/* End PBXGroup section */

/* Begin PBXNativeTarget section */
		AF5CEB4B2E16377200D0AC95 /* MonsterTruckMatch */ = {
			isa = PBXNativeTarget;
			buildConfigurationList = AF5CEB702E16377900D0AC95 /* Build configuration list for PBXNativeTarget "MonsterTruckMatch" */;
			buildPhases = (
				AF5CEB482E16377200D0AC95 /* Sources */,
				AF5CEB492E16377200D0AC95 /* Frameworks */,
				AF5CEB4A2E16377200D0AC95 /* Resources */,
			);
			buildRules = (
			);
			dependencies = (
			);
			fileSystemSynchronizedGroups = (
				AF5CEB4E2E16377200D0AC95 /* MonsterTruckMatch */,
			);
			name = MonsterTruckMatch;
			packageProductDependencies = (
			);
			productName = MonsterTruckMatch;
			productReference = AF5CEB4C2E16377200D0AC95 /* MonsterTruckMatch.app */;
			productType = "com.apple.product-type.application";
		};
		AF5CEB5B2E16377900D0AC95 /* MonsterTruckMatchTests */ = {
			isa = PBXNativeTarget;
			buildConfigurationList = AF5CEB732E16377900D0AC95 /* Build configuration list for PBXNativeTarget "MonsterTruckMatchTests" */;
			buildPhases = (
				AF5CEB582E16377900D0AC95 /* Sources */,
				AF5CEB592E16377900D0AC95 /* Frameworks */,
				AF5CEB5A2E16377900D0AC95 /* Resources */,
			);
			buildRules = (
			);
			dependencies = (
				AF5CEB5E2E16377900D0AC95 /* PBXTargetDependency */,
			);
			fileSystemSynchronizedGroups = (
				AF5CEB5F2E16377900D0AC95 /* MonsterTruckMatchTests */,
			);
			name = MonsterTruckMatchTests;
			packageProductDependencies = (
			);
			productName = MonsterTruckMatchTests;
			productReference = AF5CEB5C2E16377900D0AC95 /* MonsterTruckMatchTests.xctest */;
			productType = "com.apple.product-type.bundle.unit-test";
		};
		AF5CEB652E16377900D0AC95 /* MonsterTruckMatchUITests */ = {
			isa = PBXNativeTarget;
			buildConfigurationList = AF5CEB762E16377900D0AC95 /* Build configuration list for PBXNativeTarget "MonsterTruckMatchUITests" */;
			buildPhases = (
				AF5CEB622E16377900D0AC95 /* Sources */,
				AF5CEB632E16377900D0AC95 /* Frameworks */,
				AF5CEB642E16377900D0AC95 /* Resources */,
			);
			buildRules = (
			);
			dependencies = (
				AF5CEB682E16377900D0AC95 /* PBXTargetDependency */,
			);
			fileSystemSynchronizedGroups = (
				AF5CEB692E16377900D0AC95 /* MonsterTruckMatchUITests */,
			);
			name = MonsterTruckMatchUITests;
			packageProductDependencies = (
			);
			productName = MonsterTruckMatchUITests;
			productReference = AF5CEB662E16377900D0AC95 /* MonsterTruckMatchUITests.xctest */;
			productType = "com.apple.product-type.bundle.ui-testing";
		};
/* End PBXNativeTarget section */

/* Begin PBXProject section */
		AF5CEB442E16377200D0AC95 /* Project object */ = {
			isa = PBXProject;
			attributes = {
				BuildIndependentTargetsInParallel = 1;
				LastSwiftUpdateCheck = 1620;
				LastUpgradeCheck = 1620;
				TargetAttributes = {
					AF5CEB4B2E16377200D0AC95 = {
						CreatedOnToolsVersion = 16.2;
					};
					AF5CEB5B2E16377900D0AC95 = {
						CreatedOnToolsVersion = 16.2;
						TestTargetID = AF5CEB4B2E16377200D0AC95;
					};
					AF5CEB652E16377900D0AC95 = {
						CreatedOnToolsVersion = 16.2;
						TestTargetID = AF5CEB4B2E16377200D0AC95;
					};
				};
			};
			buildConfigurationList = AF5CEB472E16377200D0AC95 /* Build configuration list for PBXProject "MonsterTruckMatch" */;
			developmentRegion = en;
			hasScannedForEncodings = 0;
			knownRegions = (
				en,
				Base,
			);
			mainGroup = AF5CEB432E16377200D0AC95;
			minimizedProjectReferenceProxies = 1;
			preferredProjectObjectVersion = 77;
			productRefGroup = AF5CEB4D2E16377200D0AC95 /* Products */;
			projectDirPath = "";
			projectRoot = "";
			targets = (
				AF5CEB4B2E16377200D0AC95 /* MonsterTruckMatch */,
				AF5CEB5B2E16377900D0AC95 /* MonsterTruckMatchTests */,
				AF5CEB652E16377900D0AC95 /* MonsterTruckMatchUITests */,
			);
		};
/* End PBXProject section */

/* Begin PBXResourcesBuildPhase section */
		AF5CEB4A2E16377200D0AC95 /* Resources */ = {
			isa = PBXResourcesBuildPhase;
			buildActionMask = 2147483647;
			files = (
				AF5CEB9F2E1720AE00D0AC95 /* .gitignore in Resources */,
			);
			runOnlyForDeploymentPostprocessing = 0;
		};
		AF5CEB5A2E16377900D0AC95 /* Resources */ = {
			isa = PBXResourcesBuildPhase;
			buildActionMask = 2147483647;
			files = (
			);
			runOnlyForDeploymentPostprocessing = 0;
		};
		AF5CEB642E16377900D0AC95 /* Resources */ = {
			isa = PBXResourcesBuildPhase;
			buildActionMask = 2147483647;
			files = (
			);
			runOnlyForDeploymentPostprocessing = 0;
		};
/* End PBXResourcesBuildPhase section */

/* Begin PBXSourcesBuildPhase section */
		AF5CEB482E16377200D0AC95 /* Sources */ = {
			isa = PBXSourcesBuildPhase;
			buildActionMask = 2147483647;
			files = (
			);
			runOnlyForDeploymentPostprocessing = 0;
		};
		AF5CEB582E16377900D0AC95 /* Sources */ = {
			isa = PBXSourcesBuildPhase;
			buildActionMask = 2147483647;
			files = (
			);
			runOnlyForDeploymentPostprocessing = 0;
		};
		AF5CEB622E16377900D0AC95 /* Sources */ = {
			isa = PBXSourcesBuildPhase;
			buildActionMask = 2147483647;
			files = (
			);
			runOnlyForDeploymentPostprocessing = 0;
		};
/* End PBXSourcesBuildPhase section */

/* Begin PBXTargetDependency section */
		AF5CEB5E2E16377900D0AC95 /* PBXTargetDependency */ = {
			isa = PBXTargetDependency;
			target = AF5CEB4B2E16377200D0AC95 /* MonsterTruckMatch */;
			targetProxy = AF5CEB5D2E16377900D0AC95 /* PBXContainerItemProxy */;
		};
		AF5CEB682E16377900D0AC95 /* PBXTargetDependency */ = {
			isa = PBXTargetDependency;
			target = AF5CEB4B2E16377200D0AC95 /* MonsterTruckMatch */;
			targetProxy = AF5CEB672E16377900D0AC95 /* PBXContainerItemProxy */;
		};
/* End PBXTargetDependency section */

/* Begin XCBuildConfiguration section */
		AF5CEB6E2E16377900D0AC95 /* Debug */ = {
			isa = XCBuildConfiguration;
			buildSettings = {
				ALWAYS_SEARCH_USER_PATHS = NO;
				ASSETCATALOG_COMPILER_GENERATE_SWIFT_ASSET_SYMBOL_EXTENSIONS = YES;
				CLANG_ANALYZER_NONNULL = YES;
				CLANG_ANALYZER_NUMBER_OBJECT_CONVERSION = YES_AGGRESSIVE;
				CLANG_CXX_LANGUAGE_STANDARD = "gnu++20";
				CLANG_ENABLE_MODULES = YES;
				CLANG_ENABLE_OBJC_ARC = YES;
				CLANG_ENABLE_OBJC_WEAK = YES;
				CLANG_WARN_BLOCK_CAPTURE_AUTORELEASING = YES;
				CLANG_WARN_BOOL_CONVERSION = YES;
				CLANG_WARN_COMMA = YES;
				CLANG_WARN_CONSTANT_CONVERSION = YES;
				CLANG_WARN_DEPRECATED_OBJC_IMPLEMENTATIONS = YES;
				CLANG_WARN_DIRECT_OBJC_ISA_USAGE = YES_ERROR;
				CLANG_WARN_DOCUMENTATION_COMMENTS = YES;
				CLANG_WARN_EMPTY_BODY = YES;
				CLANG_WARN_ENUM_CONVERSION = YES;
				CLANG_WARN_INFINITE_RECURSION = YES;
				CLANG_WARN_INT_CONVERSION = YES;
				CLANG_WARN_NON_LITERAL_NULL_CONVERSION = YES;
				CLANG_WARN_OBJC_IMPLICIT_RETAIN_SELF = YES;
				CLANG_WARN_OBJC_LITERAL_CONVERSION = YES;
				CLANG_WARN_OBJC_ROOT_CLASS = YES_ERROR;
				CLANG_WARN_QUOTED_INCLUDE_IN_FRAMEWORK_HEADER = YES;
				CLANG_WARN_RANGE_LOOP_ANALYSIS = YES;
				CLANG_WARN_STRICT_PROTOTYPES = YES;
				CLANG_WARN_SUSPICIOUS_MOVE = YES;
				CLANG_WARN_UNGUARDED_AVAILABILITY = YES_AGGRESSIVE;
				CLANG_WARN_UNREACHABLE_CODE = YES;
				CLANG_WARN__DUPLICATE_METHOD_MATCH = YES;
				COPY_PHASE_STRIP = NO;
				DEBUG_INFORMATION_FORMAT = dwarf;
				ENABLE_STRICT_OBJC_MSGSEND = YES;
				ENABLE_TESTABILITY = YES;
				ENABLE_USER_SCRIPT_SANDBOXING = YES;
				GCC_C_LANGUAGE_STANDARD = gnu17;
				GCC_DYNAMIC_NO_PIC = NO;
				GCC_NO_COMMON_BLOCKS = YES;
				GCC_OPTIMIZATION_LEVEL = 0;
				GCC_PREPROCESSOR_DEFINITIONS = (
					"DEBUG=1",
					"$(inherited)",
				);
				GCC_WARN_64_TO_32_BIT_CONVERSION = YES;
				GCC_WARN_ABOUT_RETURN_TYPE = YES_ERROR;
				GCC_WARN_UNDECLARED_SELECTOR = YES;
				GCC_WARN_UNINITIALIZED_AUTOS = YES_AGGRESSIVE;
				GCC_WARN_UNUSED_FUNCTION = YES;
				GCC_WARN_UNUSED_VARIABLE = YES;
				IPHONEOS_DEPLOYMENT_TARGET = 18.2;
				LOCALIZATION_PREFERS_STRING_CATALOGS = YES;
				MTL_ENABLE_DEBUG_INFO = INCLUDE_SOURCE;
				MTL_FAST_MATH = YES;
				ONLY_ACTIVE_ARCH = YES;
				SDKROOT = iphoneos;
				SWIFT_ACTIVE_COMPILATION_CONDITIONS = "DEBUG $(inherited)";
				SWIFT_OPTIMIZATION_LEVEL = "-Onone";
			};
			name = Debug;
		};
		AF5CEB6F2E16377900D0AC95 /* Release */ = {
			isa = XCBuildConfiguration;
			buildSettings = {
				ALWAYS_SEARCH_USER_PATHS = NO;
				ASSETCATALOG_COMPILER_GENERATE_SWIFT_ASSET_SYMBOL_EXTENSIONS = YES;
				CLANG_ANALYZER_NONNULL = YES;
				CLANG_ANALYZER_NUMBER_OBJECT_CONVERSION = YES_AGGRESSIVE;
				CLANG_CXX_LANGUAGE_STANDARD = "gnu++20";
				CLANG_ENABLE_MODULES = YES;
				CLANG_ENABLE_OBJC_ARC = YES;
				CLANG_ENABLE_OBJC_WEAK = YES;
				CLANG_WARN_BLOCK_CAPTURE_AUTORELEASING = YES;
				CLANG_WARN_BOOL_CONVERSION = YES;
				CLANG_WARN_COMMA = YES;
				CLANG_WARN_CONSTANT_CONVERSION = YES;
				CLANG_WARN_DEPRECATED_OBJC_IMPLEMENTATIONS = YES;
				CLANG_WARN_DIRECT_OBJC_ISA_USAGE = YES_ERROR;
				CLANG_WARN_DOCUMENTATION_COMMENTS = YES;
				CLANG_WARN_EMPTY_BODY = YES;
				CLANG_WARN_ENUM_CONVERSION = YES;
				CLANG_WARN_INFINITE_RECURSION = YES;
				CLANG_WARN_INT_CONVERSION = YES;
				CLANG_WARN_NON_LITERAL_NULL_CONVERSION = YES;
				CLANG_WARN_OBJC_IMPLICIT_RETAIN_SELF = YES;
				CLANG_WARN_OBJC_LITERAL_CONVERSION = YES;
				CLANG_WARN_OBJC_ROOT_CLASS = YES_ERROR;
				CLANG_WARN_QUOTED_INCLUDE_IN_FRAMEWORK_HEADER = YES;
				CLANG_WARN_RANGE_LOOP_ANALYSIS = YES;
				CLANG_WARN_STRICT_PROTOTYPES = YES;
				CLANG_WARN_SUSPICIOUS_MOVE = YES;
				CLANG_WARN_UNGUARDED_AVAILABILITY = YES_AGGRESSIVE;
				CLANG_WARN_UNREACHABLE_CODE = YES;
				CLANG_WARN__DUPLICATE_METHOD_MATCH = YES;
				COPY_PHASE_STRIP = NO;
				DEBUG_INFORMATION_FORMAT = "dwarf-with-dsym";
				ENABLE_NS_ASSERTIONS = NO;
				ENABLE_STRICT_OBJC_MSGSEND = YES;
				ENABLE_USER_SCRIPT_SANDBOXING = YES;
				GCC_C_LANGUAGE_STANDARD = gnu17;
				GCC_NO_COMMON_BLOCKS = YES;
				GCC_WARN_64_TO_32_BIT_CONVERSION = YES;
				GCC_WARN_ABOUT_RETURN_TYPE = YES_ERROR;
				GCC_WARN_UNDECLARED_SELECTOR = YES;
				GCC_WARN_UNINITIALIZED_AUTOS = YES_AGGRESSIVE;
				GCC_WARN_UNUSED_FUNCTION = YES;
				GCC_WARN_UNUSED_VARIABLE = YES;
				IPHONEOS_DEPLOYMENT_TARGET = 18.2;
				LOCALIZATION_PREFERS_STRING_CATALOGS = YES;
				MTL_ENABLE_DEBUG_INFO = NO;
				MTL_FAST_MATH = YES;
				SDKROOT = iphoneos;
				SWIFT_COMPILATION_MODE = wholemodule;
				VALIDATE_PRODUCT = YES;
			};
			name = Release;
		};
		AF5CEB712E16377900D0AC95 /* Debug */ = {
			isa = XCBuildConfiguration;
			buildSettings = {
				ASSETCATALOG_COMPILER_APPICON_NAME = AppIcon;
				ASSETCATALOG_COMPILER_GLOBAL_ACCENT_COLOR_NAME = AccentColor;
				CODE_SIGN_STYLE = Automatic;
				CURRENT_PROJECT_VERSION = 1;
				DEVELOPMENT_ASSET_PATHS = "\"MonsterTruckMatch/Preview Content\"";
				DEVELOPMENT_TEAM = 5USA9BGALJ;
				ENABLE_PREVIEWS = YES;
				GENERATE_INFOPLIST_FILE = YES;
				INFOPLIST_KEY_CFBundleDisplayName = "Truck Match";
				INFOPLIST_KEY_LSApplicationCategoryType = "public.app-category.puzzle-games";
				INFOPLIST_KEY_UIApplicationSceneManifest_Generation = YES;
				INFOPLIST_KEY_UIApplicationSupportsIndirectInputEvents = YES;
				INFOPLIST_KEY_UILaunchScreen_Generation = YES;
				INFOPLIST_KEY_UISupportedInterfaceOrientations = "UIInterfaceOrientationLandscapeLeft UIInterfaceOrientationLandscapeRight UIInterfaceOrientationPortrait UIInterfaceOrientationPortraitUpsideDown";
				IPHONEOS_DEPLOYMENT_TARGET = 17.6;
				LD_RUNPATH_SEARCH_PATHS = (
					"$(inherited)",
					"@executable_path/Frameworks",
				);
				MARKETING_VERSION = 1.0;
				PRODUCT_BUNDLE_IDENTIFIER = name.bentaylor.MonsterTruckMatch;
				PRODUCT_NAME = "$(TARGET_NAME)";
				SUPPORTED_PLATFORMS = "iphoneos iphonesimulator";
				SUPPORTS_MACCATALYST = NO;
				SUPPORTS_MAC_DESIGNED_FOR_IPHONE_IPAD = NO;
				SUPPORTS_XR_DESIGNED_FOR_IPHONE_IPAD = NO;
				SWIFT_EMIT_LOC_STRINGS = YES;
				SWIFT_VERSION = 5.0;
				TARGETED_DEVICE_FAMILY = "1,2";
			};
			name = Debug;
		};
		AF5CEB722E16377900D0AC95 /* Release */ = {
			isa = XCBuildConfiguration;
			buildSettings = {
				ASSETCATALOG_COMPILER_APPICON_NAME = AppIcon;
				ASSETCATALOG_COMPILER_GLOBAL_ACCENT_COLOR_NAME = AccentColor;
				CODE_SIGN_STYLE = Automatic;
				CURRENT_PROJECT_VERSION = 1;
				DEVELOPMENT_ASSET_PATHS = "\"MonsterTruckMatch/Preview Content\"";
				DEVELOPMENT_TEAM = 5USA9BGALJ;
				ENABLE_PREVIEWS = YES;
				GENERATE_INFOPLIST_FILE = YES;
				INFOPLIST_KEY_CFBundleDisplayName = "Truck Match";
				INFOPLIST_KEY_LSApplicationCategoryType = "public.app-category.puzzle-games";
				INFOPLIST_KEY_UIApplicationSceneManifest_Generation = YES;
				INFOPLIST_KEY_UIApplicationSupportsIndirectInputEvents = YES;
				INFOPLIST_KEY_UILaunchScreen_Generation = YES;
				INFOPLIST_KEY_UISupportedInterfaceOrientations = "UIInterfaceOrientationLandscapeLeft UIInterfaceOrientationLandscapeRight UIInterfaceOrientationPortrait UIInterfaceOrientationPortraitUpsideDown";
				IPHONEOS_DEPLOYMENT_TARGET = 17.6;
				LD_RUNPATH_SEARCH_PATHS = (
					"$(inherited)",
					"@executable_path/Frameworks",
				);
				MARKETING_VERSION = 1.0;
				PRODUCT_BUNDLE_IDENTIFIER = name.bentaylor.MonsterTruckMatch;
				PRODUCT_NAME = "$(TARGET_NAME)";
				SUPPORTED_PLATFORMS = "iphoneos iphonesimulator";
				SUPPORTS_MACCATALYST = NO;
				SUPPORTS_MAC_DESIGNED_FOR_IPHONE_IPAD = NO;
				SUPPORTS_XR_DESIGNED_FOR_IPHONE_IPAD = NO;
				SWIFT_EMIT_LOC_STRINGS = YES;
				SWIFT_VERSION = 5.0;
				TARGETED_DEVICE_FAMILY = "1,2";
			};
			name = Release;
		};
		AF5CEB742E16377900D0AC95 /* Debug */ = {
			isa = XCBuildConfiguration;
			buildSettings = {
				BUNDLE_LOADER = "$(TEST_HOST)";
				CODE_SIGN_STYLE = Automatic;
				CURRENT_PROJECT_VERSION = 1;
				DEVELOPMENT_TEAM = 5USA9BGALJ;
				GENERATE_INFOPLIST_FILE = YES;
				IPHONEOS_DEPLOYMENT_TARGET = 18.2;
				MARKETING_VERSION = 1.0;
				PRODUCT_BUNDLE_IDENTIFIER = name.bentaylor.MonsterTruckMatchTests;
				PRODUCT_NAME = "$(TARGET_NAME)";
				SWIFT_EMIT_LOC_STRINGS = NO;
				SWIFT_VERSION = 5.0;
				TARGETED_DEVICE_FAMILY = "1,2";
				TEST_HOST = "$(BUILT_PRODUCTS_DIR)/MonsterTruckMatch.app/$(BUNDLE_EXECUTABLE_FOLDER_PATH)/MonsterTruckMatch";
			};
			name = Debug;
		};
		AF5CEB752E16377900D0AC95 /* Release */ = {
			isa = XCBuildConfiguration;
			buildSettings = {
				BUNDLE_LOADER = "$(TEST_HOST)";
				CODE_SIGN_STYLE = Automatic;
				CURRENT_PROJECT_VERSION = 1;
				DEVELOPMENT_TEAM = 5USA9BGALJ;
				GENERATE_INFOPLIST_FILE = YES;
				IPHONEOS_DEPLOYMENT_TARGET = 18.2;
				MARKETING_VERSION = 1.0;
				PRODUCT_BUNDLE_IDENTIFIER = name.bentaylor.MonsterTruckMatchTests;
				PRODUCT_NAME = "$(TARGET_NAME)";
				SWIFT_EMIT_LOC_STRINGS = NO;
				SWIFT_VERSION = 5.0;
				TARGETED_DEVICE_FAMILY = "1,2";
				TEST_HOST = "$(BUILT_PRODUCTS_DIR)/MonsterTruckMatch.app/$(BUNDLE_EXECUTABLE_FOLDER_PATH)/MonsterTruckMatch";
			};
			name = Release;
		};
		AF5CEB772E16377900D0AC95 /* Debug */ = {
			isa = XCBuildConfiguration;
			buildSettings = {
				CODE_SIGN_STYLE = Automatic;
				CURRENT_PROJECT_VERSION = 1;
				DEVELOPMENT_TEAM = 5USA9BGALJ;
				GENERATE_INFOPLIST_FILE = YES;
				MARKETING_VERSION = 1.0;
				PRODUCT_BUNDLE_IDENTIFIER = name.bentaylor.MonsterTruckMatchUITests;
				PRODUCT_NAME = "$(TARGET_NAME)";
				SWIFT_EMIT_LOC_STRINGS = NO;
				SWIFT_VERSION = 5.0;
				TARGETED_DEVICE_FAMILY = "1,2";
				TEST_TARGET_NAME = MonsterTruckMatch;
			};
			name = Debug;
		};
		AF5CEB782E16377900D0AC95 /* Release */ = {
			isa = XCBuildConfiguration;
			buildSettings = {
				CODE_SIGN_STYLE = Automatic;
				CURRENT_PROJECT_VERSION = 1;
				DEVELOPMENT_TEAM = 5USA9BGALJ;
				GENERATE_INFOPLIST_FILE = YES;
				MARKETING_VERSION = 1.0;
				PRODUCT_BUNDLE_IDENTIFIER = name.bentaylor.MonsterTruckMatchUITests;
				PRODUCT_NAME = "$(TARGET_NAME)";
				SWIFT_EMIT_LOC_STRINGS = NO;
				SWIFT_VERSION = 5.0;
				TARGETED_DEVICE_FAMILY = "1,2";
				TEST_TARGET_NAME = MonsterTruckMatch;
			};
			name = Release;
		};
/* End XCBuildConfiguration section */

/* Begin XCConfigurationList section */
		AF5CEB472E16377200D0AC95 /* Build configuration list for PBXProject "MonsterTruckMatch" */ = {
			isa = XCConfigurationList;
			buildConfigurations = (
				AF5CEB6E2E16377900D0AC95 /* Debug */,
				AF5CEB6F2E16377900D0AC95 /* Release */,
			);
			defaultConfigurationIsVisible = 0;
			defaultConfigurationName = Release;
		};
		AF5CEB702E16377900D0AC95 /* Build configuration list for PBXNativeTarget "MonsterTruckMatch" */ = {
			isa = XCConfigurationList;
			buildConfigurations = (
				AF5CEB712E16377900D0AC95 /* Debug */,
				AF5CEB722E16377900D0AC95 /* Release */,
			);
			defaultConfigurationIsVisible = 0;
			defaultConfigurationName = Release;
		};
		AF5CEB732E16377900D0AC95 /* Build configuration list for PBXNativeTarget "MonsterTruckMatchTests" */ = {
			isa = XCConfigurationList;
			buildConfigurations = (
				AF5CEB742E16377900D0AC95 /* Debug */,
				AF5CEB752E16377900D0AC95 /* Release */,
			);
			defaultConfigurationIsVisible = 0;
			defaultConfigurationName = Release;
		};
		AF5CEB762E16377900D0AC95 /* Build configuration list for PBXNativeTarget "MonsterTruckMatchUITests" */ = {
			isa = XCConfigurationList;
			buildConfigurations = (
				AF5CEB772E16377900D0AC95 /* Debug */,
				AF5CEB782E16377900D0AC95 /* Release */,
			);
			defaultConfigurationIsVisible = 0;
			defaultConfigurationName = Release;
		};
/* End XCConfigurationList section */
	};
	rootObject = AF5CEB442E16377200D0AC95 /* Project object */;
}
